
Microsoft Visual Studio Solution File, Format Version 12.00
# Visual Studio Version 17
VisualStudioVersion = 17.7.34009.444
MinimumVisualStudioVersion = 10.0.40219.1
Project("{9A19103F-16F7-4668-BE54-9A1E7A4F7556}") = "QUCC_Car", "QUCC_Car.csproj", "{9F04F542-C84C-4F2B-A623-A170691089DF}"
EndProject
Project("{9A19103F-16F7-4668-BE54-9A1E7A4F7556}") = "DataLibrary", "DataLibrary\DataLibrary.csproj", "{F7436C01-E31B-4519-AB6E-9D01989D18F5}"
EndProject
Global
	GlobalSection(SolutionConfigurationPlatforms) = preSolution
		Debug|Any CPU = Debug|Any CPU
		Release|Any CPU = Release|Any CPU
	EndGlobalSection
	GlobalSection(ProjectConfigurationPlatforms) = postSolution
		{9F04F542-C84C-4F2B-A623-A170691089DF}.Debug|Any CPU.ActiveCfg = Debug|Any CPU
		{9F04F542-C84C-4F2B-A623-A170691089DF}.Debug|Any CPU.Build.0 = Debug|Any CPU
		{9F04F542-C84C-4F2B-A623-A170691089DF}.Release|Any CPU.ActiveCfg = Release|Any CPU
		{9F04F542-C84C-4F2B-A623-A170691089DF}.Release|Any CPU.Build.0 = Release|Any CPU
		{F7436C01-E31B-4519-AB6E-9D01989D18F5}.Debug|Any CPU.ActiveCfg = Debug|Any CPU
		{F7436C01-E31B-4519-AB6E-9D01989D18F5}.Debug|Any CPU.Build.0 = Debug|Any CPU
		{F7436C01-E31B-4519-AB6E-9D01989D18F5}.Release|Any CPU.ActiveCfg = Release|Any CPU
		{F7436C01-E31B-4519-AB6E-9D01989D18F5}.Release|Any CPU.Build.0 = Release|Any CPU
	EndGlobalSection
	GlobalSection(SolutionProperties) = preSolution
		HideSolutionNode = FALSE
	EndGlobalSection
	GlobalSection(ExtensibilityGlobals) = postSolution
		SolutionGuid = {0BF36135-53FC-4E59-ADEC-3086090E6655}
	EndGlobalSection
EndGlobal
